// !$*UTF8*$!
{
	archiveVersion = 1;
	classes = {
	};
	objectVersion = 50;
	objects = {

/* Begin PBXBuildFile section */
		D939F0D6255D7C58006AD1A6 /* AppDelegate.swift in Sources */ = {isa = PBXBuildFile; fileRef = D939F0D5255D7C58006AD1A6 /* AppDelegate.swift */; };
		D939F0DA255D7C58006AD1A6 /* RegisterationVC.swift in Sources */ = {isa = PBXBuildFile; fileRef = D939F0D9255D7C58006AD1A6 /* RegisterationVC.swift */; };
		D939F0DD255D7C58006AD1A6 /* Main.storyboard in Resources */ = {isa = PBXBuildFile; fileRef = D939F0DB255D7C58006AD1A6 /* Main.storyboard */; };
		D939F0DF255D7C5C006AD1A6 /* Assets.xcassets in Resources */ = {isa = PBXBuildFile; fileRef = D939F0DE255D7C5C006AD1A6 /* Assets.xcassets */; };
		D939F0E2255D7C5C006AD1A6 /* LaunchScreen.storyboard in Resources */ = {isa = PBXBuildFile; fileRef = D939F0E0255D7C5C006AD1A6 /* LaunchScreen.storyboard */; };
		D94137812571643D00FEC777 /* LabelBorder.swift in Sources */ = {isa = PBXBuildFile; fileRef = D94137802571643D00FEC777 /* LabelBorder.swift */; };
		D94BC8BE256590B900CBA321 /* Validations.Etensions.swift in Sources */ = {isa = PBXBuildFile; fileRef = D94BC8BD256590B900CBA321 /* Validations.Etensions.swift */; };
		D94BC8C22565B6A200CBA321 /* Alert.Extension.swift in Sources */ = {isa = PBXBuildFile; fileRef = D94BC8C12565B6A200CBA321 /* Alert.Extension.swift */; };
		D94FF6702577F3C900FFBDE1 /* MapVC.swift in Sources */ = {isa = PBXBuildFile; fileRef = D94FF66F2577F3C900FFBDE1 /* MapVC.swift */; };
		D956054525633C9C002672F6 /* User.swift in Sources */ = {isa = PBXBuildFile; fileRef = D956054425633C9C002672F6 /* User.swift */; };
		D97888FF258DDCF500530158 /* MediaListVC.swift in Sources */ = {isa = PBXBuildFile; fileRef = D97888FE258DDCF500530158 /* MediaListVC.swift */; };
		D9788901258DE47600530158 /* MediaCell.swift in Sources */ = {isa = PBXBuildFile; fileRef = D9788900258DE47600530158 /* MediaCell.swift */; };
		D9788903258DE87800530158 /* Media.swift in Sources */ = {isa = PBXBuildFile; fileRef = D9788902258DE87800530158 /* Media.swift */; };
		D9BF37B7258FA4730083043A /* UserDefaults.swift in Sources */ = {isa = PBXBuildFile; fileRef = D9BF37B6258FA4730083043A /* UserDefaults.swift */; };
		D9C51CDB255D97780043693A /* LoginVC.swift in Sources */ = {isa = PBXBuildFile; fileRef = D9C51CDA255D97780043693A /* LoginVC.swift */; };
		D9C51CDD255D97900043693A /* ProfileVC.swift in Sources */ = {isa = PBXBuildFile; fileRef = D9C51CDC255D97900043693A /* ProfileVC.swift */; };
		D9C51CDF255EE9DC0043693A /* CurrencyTextField.swift in Sources */ = {isa = PBXBuildFile; fileRef = D9C51CDE255EE9DC0043693A /* CurrencyTextField.swift */; };
/* End PBXBuildFile section */

/* Begin PBXFileReference section */
		D939F0D2255D7C58006AD1A6 /* MediaFinder.app */ = {isa = PBXFileReference; explicitFileType = wrapper.application; includeInIndex = 0; path = MediaFinder.app; sourceTree = BUILT_PRODUCTS_DIR; };
		D939F0D5255D7C58006AD1A6 /* AppDelegate.swift */ = {isa = PBXFileReference; lastKnownFileType = sourcecode.swift; path = AppDelegate.swift; sourceTree = "<group>"; };
		D939F0D9255D7C58006AD1A6 /* RegisterationVC.swift */ = {isa = PBXFileReference; lastKnownFileType = sourcecode.swift; path = RegisterationVC.swift; sourceTree = "<group>"; };
		D939F0DC255D7C58006AD1A6 /* Base */ = {isa = PBXFileReference; lastKnownFileType = file.storyboard; name = Base; path = Base.lproj/Main.storyboard; sourceTree = "<group>"; };
		D939F0DE255D7C5C006AD1A6 /* Assets.xcassets */ = {isa = PBXFileReference; lastKnownFileType = folder.assetcatalog; path = Assets.xcassets; sourceTree = "<group>"; };
		D939F0E1255D7C5C006AD1A6 /* Base */ = {isa = PBXFileReference; lastKnownFileType = file.storyboard; name = Base; path = Base.lproj/LaunchScreen.storyboard; sourceTree = "<group>"; };
		D939F0E3255D7C5C006AD1A6 /* Info.plist */ = {isa = PBXFileReference; lastKnownFileType = text.plist.xml; path = Info.plist; sourceTree = "<group>"; };
		D94137802571643D00FEC777 /* LabelBorder.swift */ = {isa = PBXFileReference; lastKnownFileType = sourcecode.swift; path = LabelBorder.swift; sourceTree = "<group>"; };
		D94BC8BD256590B900CBA321 /* Validations.Etensions.swift */ = {isa = PBXFileReference; lastKnownFileType = sourcecode.swift; path = Validations.Etensions.swift; sourceTree = "<group>"; };
		D94BC8C12565B6A200CBA321 /* Alert.Extension.swift */ = {isa = PBXFileReference; lastKnownFileType = sourcecode.swift; path = Alert.Extension.swift; sourceTree = "<group>"; };
		D94FF66F2577F3C900FFBDE1 /* MapVC.swift */ = {isa = PBXFileReference; lastKnownFileType = sourcecode.swift; path = MapVC.swift; sourceTree = "<group>"; };
		D956054425633C9C002672F6 /* User.swift */ = {isa = PBXFileReference; lastKnownFileType = sourcecode.swift; path = User.swift; sourceTree = "<group>"; };
		D97888FE258DDCF500530158 /* MediaListVC.swift */ = {isa = PBXFileReference; lastKnownFileType = sourcecode.swift; path = MediaListVC.swift; sourceTree = "<group>"; };
		D9788900258DE47600530158 /* MediaCell.swift */ = {isa = PBXFileReference; lastKnownFileType = sourcecode.swift; path = MediaCell.swift; sourceTree = "<group>"; };
		D9788902258DE87800530158 /* Media.swift */ = {isa = PBXFileReference; lastKnownFileType = sourcecode.swift; path = Media.swift; sourceTree = "<group>"; };
		D9BF37B6258FA4730083043A /* UserDefaults.swift */ = {isa = PBXFileReference; lastKnownFileType = sourcecode.swift; path = UserDefaults.swift; sourceTree = "<group>"; };
		D9C51CDA255D97780043693A /* LoginVC.swift */ = {isa = PBXFileReference; lastKnownFileType = sourcecode.swift; path = LoginVC.swift; sourceTree = "<group>"; };
		D9C51CDC255D97900043693A /* ProfileVC.swift */ = {isa = PBXFileReference; lastKnownFileType = sourcecode.swift; path = ProfileVC.swift; sourceTree = "<group>"; };
		D9C51CDE255EE9DC0043693A /* CurrencyTextField.swift */ = {isa = PBXFileReference; fileEncoding = 4; lastKnownFileType = sourcecode.swift; path = CurrencyTextField.swift; sourceTree = "<group>"; };
/* End PBXFileReference section */

/* Begin PBXFrameworksBuildPhase section */
		D939F0CF255D7C58006AD1A6 /* Frameworks */ = {
			isa = PBXFrameworksBuildPhase;
			buildActionMask = 2147483647;
			files = (
			);
			runOnlyForDeploymentPostprocessing = 0;
		};
/* End PBXFrameworksBuildPhase section */

/* Begin PBXGroup section */
		D939F0C9255D7C58006AD1A6 = {
			isa = PBXGroup;
			children = (
				D939F0D4255D7C58006AD1A6 /* MediaFinder */,
				D97888FD258DDBE100530158 /* Resources */,
				D939F0D3255D7C58006AD1A6 /* Products */,
			);
			sourceTree = "<group>";
		};
		D939F0D3255D7C58006AD1A6 /* Products */ = {
			isa = PBXGroup;
			children = (
				D939F0D2255D7C58006AD1A6 /* MediaFinder.app */,
			);
			name = Products;
			sourceTree = "<group>";
		};
		D939F0D4255D7C58006AD1A6 /* MediaFinder */ = {
			isa = PBXGroup;
			children = (
				D939F0E3255D7C5C006AD1A6 /* Info.plist */,
				D939F0D5255D7C58006AD1A6 /* AppDelegate.swift */,
				D97888F8258D509500530158 /* Model */,
				D97888F9258D50A100530158 /* View */,
				D97888FA258D50A600530158 /* Controller */,
				D97888FB258DDAEA00530158 /* Storyboard */,
				D97888FC258DDB0F00530158 /* Extensions */,
			);
			path = MediaFinder;
			sourceTree = "<group>";
		};
		D97888F8258D509500530158 /* Model */ = {
			isa = PBXGroup;
			children = (
				D956054425633C9C002672F6 /* User.swift */,
				D9788902258DE87800530158 /* Media.swift */,
				D9BF37B6258FA4730083043A /* UserDefaults.swift */,
			);
			path = Model;
			sourceTree = "<group>";
		};
		D97888F9258D50A100530158 /* View */ = {
			isa = PBXGroup;
			children = (
				D9C51CDE255EE9DC0043693A /* CurrencyTextField.swift */,
				D94137802571643D00FEC777 /* LabelBorder.swift */,
				D9788900258DE47600530158 /* MediaCell.swift */,
			);
			path = View;
			sourceTree = "<group>";
		};
		D97888FA258D50A600530158 /* Controller */ = {
			isa = PBXGroup;
			children = (
				D939F0D9255D7C58006AD1A6 /* RegisterationVC.swift */,
				D94FF66F2577F3C900FFBDE1 /* MapVC.swift */,
				D9C51CDA255D97780043693A /* LoginVC.swift */,
				D9C51CDC255D97900043693A /* ProfileVC.swift */,
				D97888FE258DDCF500530158 /* MediaListVC.swift */,
			);
			path = Controller;
			sourceTree = "<group>";
		};
		D97888FB258DDAEA00530158 /* Storyboard */ = {
			isa = PBXGroup;
			children = (
				D939F0DB255D7C58006AD1A6 /* Main.storyboard */,
				D939F0E0255D7C5C006AD1A6 /* LaunchScreen.storyboard */,
			);
			path = Storyboard;
			sourceTree = "<group>";
		};
		D97888FC258DDB0F00530158 /* Extensions */ = {
			isa = PBXGroup;
			children = (
				D94BC8BD256590B900CBA321 /* Validations.Etensions.swift */,
				D94BC8C12565B6A200CBA321 /* Alert.Extension.swift */,
			);
			path = Extensions;
			sourceTree = "<group>";
		};
		D97888FD258DDBE100530158 /* Resources */ = {
			isa = PBXGroup;
			children = (
				D939F0DE255D7C5C006AD1A6 /* Assets.xcassets */,
			);
			path = Resources;
			sourceTree = "<group>";
		};
/* End PBXGroup section */

/* Begin PBXNativeTarget section */
		D939F0D1255D7C58006AD1A6 /* MediaFinder */ = {
			isa = PBXNativeTarget;
			buildConfigurationList = D939F0E6255D7C5C006AD1A6 /* Build configuration list for PBXNativeTarget "MediaFinder" */;
			buildPhases = (
				D939F0CE255D7C58006AD1A6 /* Sources */,
				D939F0CF255D7C58006AD1A6 /* Frameworks */,
				D939F0D0255D7C58006AD1A6 /* Resources */,
			);
			buildRules = (
			);
			dependencies = (
			);
			name = MediaFinder;
			productName = session22Task;
			productReference = D939F0D2255D7C58006AD1A6 /* MediaFinder.app */;
			productType = "com.apple.product-type.application";
		};
/* End PBXNativeTarget section */

/* Begin PBXProject section */
		D939F0CA255D7C58006AD1A6 /* Project object */ = {
			isa = PBXProject;
			attributes = {
				LastSwiftUpdateCheck = 1110;
				LastUpgradeCheck = 1110;
				ORGANIZATIONNAME = Refa3y;
				TargetAttributes = {
					D939F0D1255D7C58006AD1A6 = {
						CreatedOnToolsVersion = 11.1;
					};
				};
			};
			buildConfigurationList = D939F0CD255D7C58006AD1A6 /* Build configuration list for PBXProject "MediaFinder" */;
			compatibilityVersion = "Xcode 9.3";
			developmentRegion = en;
			hasScannedForEncodings = 0;
			knownRegions = (
				en,
				Base,
			);
			mainGroup = D939F0C9255D7C58006AD1A6;
			productRefGroup = D939F0D3255D7C58006AD1A6 /* Products */;
			projectDirPath = "";
			projectRoot = "";
			targets = (
				D939F0D1255D7C58006AD1A6 /* MediaFinder */,
			);
		};
/* End PBXProject section */

/* Begin PBXResourcesBuildPhase section */
		D939F0D0255D7C58006AD1A6 /* Resources */ = {
			isa = PBXResourcesBuildPhase;
			buildActionMask = 2147483647;
			files = (
				D939F0E2255D7C5C006AD1A6 /* LaunchScreen.storyboard in Resources */,
				D939F0DF255D7C5C006AD1A6 /* Assets.xcassets in Resources */,
				D939F0DD255D7C58006AD1A6 /* Main.storyboard in Resources */,
			);
			runOnlyForDeploymentPostprocessing = 0;
		};
/* End PBXResourcesBuildPhase section */

/* Begin PBXSourcesBuildPhase section */
		D939F0CE255D7C58006AD1A6 /* Sources */ = {
			isa = PBXSourcesBuildPhase;
			buildActionMask = 2147483647;
			files = (
				D9C51CDF255EE9DC0043693A /* CurrencyTextField.swift in Sources */,
				D9C51CDD255D97900043693A /* ProfileVC.swift in Sources */,
				D94137812571643D00FEC777 /* LabelBorder.swift in Sources */,
				D94BC8C22565B6A200CBA321 /* Alert.Extension.swift in Sources */,
				D94BC8BE256590B900CBA321 /* Validations.Etensions.swift in Sources */,
				D94FF6702577F3C900FFBDE1 /* MapVC.swift in Sources */,
				D9788901258DE47600530158 /* MediaCell.swift in Sources */,
				D97888FF258DDCF500530158 /* MediaListVC.swift in Sources */,
				D9788903258DE87800530158 /* Media.swift in Sources */,
				D939F0DA255D7C58006AD1A6 /* RegisterationVC.swift in Sources */,
				D939F0D6255D7C58006AD1A6 /* AppDelegate.swift in Sources */,
				D956054525633C9C002672F6 /* User.swift in Sources */,
				D9BF37B7258FA4730083043A /* UserDefaults.swift in Sources */,
				D9C51CDB255D97780043693A /* LoginVC.swift in Sources */,
			);
			runOnlyForDeploymentPostprocessing = 0;
		};
/* End PBXSourcesBuildPhase section */

/* Begin PBXVariantGroup section */
		D939F0DB255D7C58006AD1A6 /* Main.storyboard */ = {
			isa = PBXVariantGroup;
			children = (
				D939F0DC255D7C58006AD1A6 /* Base */,
			);
			name = Main.storyboard;
			sourceTree = "<group>";
		};
		D939F0E0255D7C5C006AD1A6 /* LaunchScreen.storyboard */ = {
			isa = PBXVariantGroup;
			children = (
				D939F0E1255D7C5C006AD1A6 /* Base */,
			);
			name = LaunchScreen.storyboard;
			sourceTree = "<group>";
		};
/* End PBXVariantGroup section */

/* Begin XCBuildConfiguration section */
		D939F0E4255D7C5C006AD1A6 /* Debug */ = {
			isa = XCBuildConfiguration;
			buildSettings = {
				ALWAYS_SEARCH_USER_PATHS = NO;
				CLANG_ANALYZER_NONNULL = YES;
				CLANG_ANALYZER_NUMBER_OBJECT_CONVERSION = YES_AGGRESSIVE;
				CLANG_CXX_LANGUAGE_STANDARD = "gnu++14";
				CLANG_CXX_LIBRARY = "libc++";
				CLANG_ENABLE_MODULES = YES;
				CLANG_ENABLE_OBJC_ARC = YES;
				CLANG_ENABLE_OBJC_WEAK = YES;
				CLANG_WARN_BLOCK_CAPTURE_AUTORELEASING = YES;
				CLANG_WARN_BOOL_CONVERSION = YES;
				CLANG_WARN_COMMA = YES;
				CLANG_WARN_CONSTANT_CONVERSION = YES;
				CLANG_WARN_DEPRECATED_OBJC_IMPLEMENTATIONS = YES;
				CLANG_WARN_DIRECT_OBJC_ISA_USAGE = YES_ERROR;
				CLANG_WARN_DOCUMENTATION_COMMENTS = YES;
				CLANG_WARN_EMPTY_BODY = YES;
				CLANG_WARN_ENUM_CONVERSION = YES;
				CLANG_WARN_INFINITE_RECURSION = YES;
				CLANG_WARN_INT_CONVERSION = YES;
				CLANG_WARN_NON_LITERAL_NULL_CONVERSION = YES;
				CLANG_WARN_OBJC_IMPLICIT_RETAIN_SELF = YES;
				CLANG_WARN_OBJC_LITERAL_CONVERSION = YES;
				CLANG_WARN_OBJC_ROOT_CLASS = YES_ERROR;
				CLANG_WARN_RANGE_LOOP_ANALYSIS = YES;
				CLANG_WARN_STRICT_PROTOTYPES = YES;
				CLANG_WARN_SUSPICIOUS_MOVE = YES;
				CLANG_WARN_UNGUARDED_AVAILABILITY = YES_AGGRESSIVE;
				CLANG_WARN_UNREACHABLE_CODE = YES;
				CLANG_WARN__DUPLICATE_METHOD_MATCH = YES;
				COPY_PHASE_STRIP = NO;
				DEBUG_INFORMATION_FORMAT = dwarf;
				ENABLE_STRICT_OBJC_MSGSEND = YES;
				ENABLE_TESTABILITY = YES;
				GCC_C_LANGUAGE_STANDARD = gnu11;
				GCC_DYNAMIC_NO_PIC = NO;
				GCC_NO_COMMON_BLOCKS = YES;
				GCC_OPTIMIZATION_LEVEL = 0;
				GCC_PREPROCESSOR_DEFINITIONS = (
					"DEBUG=1",
					"$(inherited)",
				);
				GCC_WARN_64_TO_32_BIT_CONVERSION = YES;
				GCC_WARN_ABOUT_RETURN_TYPE = YES_ERROR;
				GCC_WARN_UNDECLARED_SELECTOR = YES;
				GCC_WARN_UNINITIALIZED_AUTOS = YES_AGGRESSIVE;
				GCC_WARN_UNUSED_FUNCTION = YES;
				GCC_WARN_UNUSED_VARIABLE = YES;
				IPHONEOS_DEPLOYMENT_TARGET = 13.1;
				MTL_ENABLE_DEBUG_INFO = INCLUDE_SOURCE;
				MTL_FAST_MATH = YES;
				ONLY_ACTIVE_ARCH = YES;
				SDKROOT = iphoneos;
				SWIFT_ACTIVE_COMPILATION_CONDITIONS = DEBUG;
				SWIFT_OPTIMIZATION_LEVEL = "-Onone";
			};
			name = Debug;
		};
		D939F0E5255D7C5C006AD1A6 /* Release */ = {
			isa = XCBuildConfiguration;
			buildSettings = {
				ALWAYS_SEARCH_USER_PATHS = NO;
				CLANG_ANALYZER_NONNULL = YES;
				CLANG_ANALYZER_NUMBER_OBJECT_CONVERSION = YES_AGGRESSIVE;
				CLANG_CXX_LANGUAGE_STANDARD = "gnu++14";
				CLANG_CXX_LIBRARY = "libc++";
				CLANG_ENABLE_MODULES = YES;
				CLANG_ENABLE_OBJC_ARC = YES;
				CLANG_ENABLE_OBJC_WEAK = YES;
				CLANG_WARN_BLOCK_CAPTURE_AUTORELEASING = YES;
				CLANG_WARN_BOOL_CONVERSION = YES;
				CLANG_WARN_COMMA = YES;
				CLANG_WARN_CONSTANT_CONVERSION = YES;
				CLANG_WARN_DEPRECATED_OBJC_IMPLEMENTATIONS = YES;
				CLANG_WARN_DIRECT_OBJC_ISA_USAGE = YES_ERROR;
				CLANG_WARN_DOCUMENTATION_COMMENTS = YES;
				CLANG_WARN_EMPTY_BODY = YES;
				CLANG_WARN_ENUM_CONVERSION = YES;
				CLANG_WARN_INFINITE_RECURSION = YES;
				CLANG_WARN_INT_CONVERSION = YES;
				CLANG_WARN_NON_LITERAL_NULL_CONVERSION = YES;
				CLANG_WARN_OBJC_IMPLICIT_RETAIN_SELF = YES;
				CLANG_WARN_OBJC_LITERAL_CONVERSION = YES;
				CLANG_WARN_OBJC_ROOT_CLASS = YES_ERROR;
				CLANG_WARN_RANGE_LOOP_ANALYSIS = YES;
				CLANG_WARN_STRICT_PROTOTYPES = YES;
				CLANG_WARN_SUSPICIOUS_MOVE = YES;
				CLANG_WARN_UNGUARDED_AVAILABILITY = YES_AGGRESSIVE;
				CLANG_WARN_UNREACHABLE_CODE = YES;
				CLANG_WARN__DUPLICATE_METHOD_MATCH = YES;
				COPY_PHASE_STRIP = NO;
				DEBUG_INFORMATION_FORMAT = "dwarf-with-dsym";
				ENABLE_NS_ASSERTIONS = NO;
				ENABLE_STRICT_OBJC_MSGSEND = YES;
				GCC_C_LANGUAGE_STANDARD = gnu11;
				GCC_NO_COMMON_BLOCKS = YES;
				GCC_WARN_64_TO_32_BIT_CONVERSION = YES;
				GCC_WARN_ABOUT_RETURN_TYPE = YES_ERROR;
				GCC_WARN_UNDECLARED_SELECTOR = YES;
				GCC_WARN_UNINITIALIZED_AUTOS = YES_AGGRESSIVE;
				GCC_WARN_UNUSED_FUNCTION = YES;
				GCC_WARN_UNUSED_VARIABLE = YES;
				IPHONEOS_DEPLOYMENT_TARGET = 13.1;
				MTL_ENABLE_DEBUG_INFO = NO;
				MTL_FAST_MATH = YES;
				SDKROOT = iphoneos;
				SWIFT_COMPILATION_MODE = wholemodule;
				SWIFT_OPTIMIZATION_LEVEL = "-O";
				VALIDATE_PRODUCT = YES;
			};
			name = Release;
		};
		D939F0E7255D7C5C006AD1A6 /* Debug */ = {
			isa = XCBuildConfiguration;
			buildSettings = {
				ASSETCATALOG_COMPILER_APPICON_NAME = AppIcon;
				CODE_SIGN_STYLE = Automatic;
				INFOPLIST_FILE = MediaFinder/Info.plist;
				LD_RUNPATH_SEARCH_PATHS = (
					"$(inherited)",
					"@executable_path/Frameworks",
				);
				PRODUCT_BUNDLE_IDENTIFIER = com.Refa3y.MediaFinder;
				PRODUCT_NAME = MediaFinder;
				SWIFT_VERSION = 5.0;
				TARGETED_DEVICE_FAMILY = "1,2";
			};
			name = Debug;
		};
		D939F0E8255D7C5C006AD1A6 /* Release */ = {
			isa = XCBuildConfiguration;
			buildSettings = {
				ASSETCATALOG_COMPILER_APPICON_NAME = AppIcon;
				CODE_SIGN_STYLE = Automatic;
				INFOPLIST_FILE = MediaFinder/Info.plist;
				LD_RUNPATH_SEARCH_PATHS = (
					"$(inherited)",
					"@executable_path/Frameworks",
				);
				PRODUCT_BUNDLE_IDENTIFIER = com.Refa3y.MediaFinder;
				PRODUCT_NAME = MediaFinder;
				SWIFT_VERSION = 5.0;
				TARGETED_DEVICE_FAMILY = "1,2";
			};
			name = Release;
		};
/* End XCBuildConfiguration section */

/* Begin XCConfigurationList section */
		D939F0CD255D7C58006AD1A6 /* Build configuration list for PBXProject "MediaFinder" */ = {
			isa = XCConfigurationList;
			buildConfigurations = (
				D939F0E4255D7C5C006AD1A6 /* Debug */,
				D939F0E5255D7C5C006AD1A6 /* Release */,
			);
			defaultConfigurationIsVisible = 0;
			defaultConfigurationName = Release;
		};
		D939F0E6255D7C5C006AD1A6 /* Build configuration list for PBXNativeTarget "MediaFinder" */ = {
			isa = XCConfigurationList;
			buildConfigurations = (
				D939F0E7255D7C5C006AD1A6 /* Debug */,
				D939F0E8255D7C5C006AD1A6 /* Release */,
			);
			defaultConfigurationIsVisible = 0;
			defaultConfigurationName = Release;
		};
/* End XCConfigurationList section */
	};
	rootObject = D939F0CA255D7C58006AD1A6 /* Project object */;
}
